
Microsoft Visual Studio Solution File, Format Version 12.00
# Visual Studio Version 16
VisualStudioVersion = 16.0.31613.86
MinimumVisualStudioVersion = 10.0.40219.1
Project("{FAE04EC0-301F-11D3-BF4B-00C04F79EFBC}") = "Monopoly", "Monopoly\Monopoly.csproj", "{CE7D7871-303C-41B0-A0BE-4C4BDF8D2FBF}"
EndProject
Global
	GlobalSection(SolutionConfigurationPlatforms) = preSolution
		Debug|Any CPU = Debug|Any CPU
		Release|Any CPU = Release|Any CPU
	EndGlobalSection
	GlobalSection(ProjectConfigurationPlatforms) = postSolution
		{CE7D7871-303C-41B0-A0BE-4C4BDF8D2FBF}.Debug|Any CPU.ActiveCfg = Debug|Any CPU
		{CE7D7871-303C-41B0-A0BE-4C4BDF8D2FBF}.Debug|Any CPU.Build.0 = Debug|Any CPU
		{CE7D7871-303C-41B0-A0BE-4C4BDF8D2FBF}.Release|Any CPU.ActiveCfg = Release|Any CPU
		{CE7D7871-303C-41B0-A0BE-4C4BDF8D2FBF}.Release|Any CPU.Build.0 = Release|Any CPU
	EndGlobalSection
	GlobalSection(SolutionProperties) = preSolution
		HideSolutionNode = FALSE
	EndGlobalSection
	GlobalSection(ExtensibilityGlobals) = postSolution
		SolutionGuid = {B7B8528B-1347-4978-A607-572EBA49F46B}
	EndGlobalSection
EndGlobal
